{
  "name": "analizador-lexico",
  "version": "1.0.0",
  "lockfileVersion": 2,
  "requires": true,
  "packages": {
    "": {
      "name": "analizador-lexico",
      "version": "1.0.0",
      "license": "ISC",
      "dependencies": {
        "lexr": "^1.0.4"
      }
    },
    "node_modules/lexr": {
      "version": "1.0.4",
      "resolved": "https://registry.npmjs.org/lexr/-/lexr-1.0.4.tgz",
      "integrity": "sha512-WgzmjvTGsd8YxVLnMCEfVCaiITEW+7Bw4GoZOi8p544UGlNIIUi5lwcK720Tk13XQvKB3jk7npd18qGPgL+qpA=="
    }
  },
  "dependencies": {
    "lexr": {
      "version": "1.0.4",
      "resolved": "https://registry.npmjs.org/lexr/-/lexr-1.0.4.tgz",
      "integrity": "sha512-WgzmjvTGsd8YxVLnMCEfVCaiITEW+7Bw4GoZOi8p544UGlNIIUi5lwcK720Tk13XQvKB3jk7npd18qGPgL+qpA=="
    }
  }
}
